# This file is autogenerated, do not edit; changes may be undone by the next 'dep ensure'.


[[projects]]
  name = "github.com/Workiva/go-datastructures"
  packages = ["queue"]
  revision = "900cfe0fd2681ca34fa97071e8fcf4f623679104"
  version = "v1.0.44"

[[projects]]
  name = "github.com/davecgh/go-spew"
  packages = ["spew"]
  revision = "346938d642f2ec3594ed81d874461961cd0faa76"
  version = "v1.1.0"

[[projects]]
  name = "github.com/go-redis/redis"
  packages = [
    ".",
    "internal",
    "internal/consistenthash",
    "internal/hashtag",
    "internal/pool",
    "internal/proto",
    "internal/singleflight",
    "internal/util"
  ]
  revision = "68362cfda1eeb3a69316e7bc00169a9a8de4823a"
  version = "v6.9.2"

[[projects]]
  name = "github.com/golang/protobuf"
  packages = ["proto"]
  revision = "925541529c1fa6821df4e44ce2723319eb2be768"
  version = "v1.0.0"

[[projects]]
  name = "github.com/patrickmn/go-cache"
  packages = ["."]
  revision = "a3647f8e31d79543b2d0f0ae2fe5c379d72cedc0"
  version = "v2.1.0"

[[projects]]
  name = "github.com/pmezard/go-difflib"
  packages = ["difflib"]
  revision = "792786c7400a136282c1664665ae0a8db921c6c2"
  version = "v1.0.0"

[[projects]]
  name = "github.com/stretchr/testify"
  packages = ["assert"]
  revision = "12b6f73e6084dad08a7c6e575284b177ecafbc71"
  version = "v1.2.1"

[solve-meta]
  analyzer-name = "dep"
  analyzer-version = 1
  inputs-digest = "8460779c2e5bd7f8ee23361d226630a9d8dfe091285eac1d46a2c208ebafa39b"
  solver-name = "gps-cdcl"
  solver-version = 1
